{
  "name": "wabap-wasm",
  "version": "1.0.0",
  "lockfileVersion": 1,
  "requires": true,
  "dependencies": {
    "@abaplint/cli": {
      "version": "2.58.18",
      "resolved": "https://registry.npmjs.org/@abaplint/cli/-/cli-2.58.18.tgz",
      "integrity": "sha512-SKpddKyvVqWYWnOjDcTTKLnAAJWIWkiMjU+RlNxMPcbRj9rYGTI/Z4kTeUiGHMw78yiulGAYnviD1OHzsDnq1A=="
    },
    "@abaplint/runtime": {
      "version": "0.5.37",
      "resolved": "https://registry.npmjs.org/@abaplint/runtime/-/runtime-0.5.37.tgz",
      "integrity": "sha512-OL9hSwzne2vvewDeZGGHTVRDOjZTT6bDT3QZfkyiIAuarXgBSZFj4UIi/sRLPhncpqC5bGbE8XeA8cEiQ96Erg=="
    },
    "@abaplint/transpiler-cli": {
      "version": "0.5.37",
      "resolved": "https://registry.npmjs.org/@abaplint/transpiler-cli/-/transpiler-cli-0.5.37.tgz",
      "integrity": "sha512-HhZi6fkCUBgSyRb1sDAixaCMLGeRZ2z9pc3sKVffhEeJXpUu760xXHwSqtyQep5JR3IQfTDvw34OASykblsezA=="
    }
  }
}
