{
  "name": "wabap-wasm",
  "version": "1.0.0",
  "lockfileVersion": 1,
  "requires": true,
  "dependencies": {
    "@abaplint/cli": {
      "version": "2.58.22",
      "resolved": "https://registry.npmjs.org/@abaplint/cli/-/cli-2.58.22.tgz",
      "integrity": "sha512-xe2boWiPewnZ2+C4wgwAJgEY2hzpeMbL7vbx0l3F5Va/ZBUfQF7hZ0ckWMma9fVBnDeoazVtO+oejhqC11ce6Q=="
    },
    "@abaplint/runtime": {
      "version": "0.5.38",
      "resolved": "https://registry.npmjs.org/@abaplint/runtime/-/runtime-0.5.38.tgz",
      "integrity": "sha512-9VlkvyjDlJwrReK5mnQ4CjDo4EHAQ+syDTwONu0MmGOBaLarA7+b/Fq0euWqCoIFaYgaAD97L5fPsuEc4NBUig=="
    },
    "@abaplint/transpiler-cli": {
      "version": "0.5.38",
      "resolved": "https://registry.npmjs.org/@abaplint/transpiler-cli/-/transpiler-cli-0.5.38.tgz",
      "integrity": "sha512-b9MfWDVXCn9j/LdquQQZyDL0oRYWvYzjUhyk9brJRrWYq4j2FN6T7t1OWFn8qIylmFaJS7F9zUSFkEIAjqwvmA=="
    }
  }
}
