{
  "name": "wabap-wasm",
  "version": "1.0.0",
  "lockfileVersion": 1,
  "requires": true,
  "dependencies": {
    "@abaplint/cli": {
      "version": "2.58.15",
      "resolved": "https://registry.npmjs.org/@abaplint/cli/-/cli-2.58.15.tgz",
      "integrity": "sha512-6xNJdsFnE5ubI2yKPTken4e4OAGnvlsXhe6p7ACpfbAWBIZFxrhlC96s/5pycC/QVoeWp0Gwk3DES3ChdwOXyQ=="
    },
    "@abaplint/runtime": {
      "version": "0.5.33",
      "resolved": "https://registry.npmjs.org/@abaplint/runtime/-/runtime-0.5.33.tgz",
      "integrity": "sha512-skNHZcU1+dwqTIL4zYwFviQtdnyJhguQHB2M3bUzpU4S2ap76CO52BRE0Q5kCZJk79SxyMbtnNWTbvHH87qb7A=="
    },
    "@abaplint/transpiler-cli": {
      "version": "0.5.34",
      "resolved": "https://registry.npmjs.org/@abaplint/transpiler-cli/-/transpiler-cli-0.5.34.tgz",
      "integrity": "sha512-VZhBzMx1IJhSy3PvNY9NjnUl9S6MX7KkvAj0J54t0BErpFINNkZLWZkSxBUknvnSIlgaarv66QcmyEJuQFVxWg=="
    }
  }
}
